
Microsoft Visual Studio Solution File, Format Version 12.00
# Visual Studio Version 17
VisualStudioVersion = 17.8.34330.188
MinimumVisualStudioVersion = 10.0.40219.1
Project("{9A19103F-16F7-4668-BE54-9A1E7A4F7556}") = "Congty", "Congty\Congty.csproj", "{38453BC6-08F7-426A-A8C3-D27372C27FBB}"
EndProject
Global
	GlobalSection(SolutionConfigurationPlatforms) = preSolution
		Debug|Any CPU = Debug|Any CPU
		Release|Any CPU = Release|Any CPU
	EndGlobalSection
	GlobalSection(ProjectConfigurationPlatforms) = postSolution
		{38453BC6-08F7-426A-A8C3-D27372C27FBB}.Debug|Any CPU.ActiveCfg = Debug|Any CPU
		{38453BC6-08F7-426A-A8C3-D27372C27FBB}.Debug|Any CPU.Build.0 = Debug|Any CPU
		{38453BC6-08F7-426A-A8C3-D27372C27FBB}.Release|Any CPU.ActiveCfg = Release|Any CPU
		{38453BC6-08F7-426A-A8C3-D27372C27FBB}.Release|Any CPU.Build.0 = Release|Any CPU
	EndGlobalSection
	GlobalSection(SolutionProperties) = preSolution
		HideSolutionNode = FALSE
	EndGlobalSection
	GlobalSection(ExtensibilityGlobals) = postSolution
		SolutionGuid = {3DA28FB1-0F76-40FD-9048-831EB1F5CCA8}
	EndGlobalSection
EndGlobal
